
Microsoft Visual Studio Solution File, Format Version 12.00
# Visual Studio Version 17
VisualStudioVersion = 17.11.35222.181
MinimumVisualStudioVersion = 10.0.40219.1
Project("{FAE04EC0-301F-11D3-BF4B-00C04F79EFBC}") = "Api.Clinic", "Api.Clinic\Api.Clinic.csproj", "{C5C9CD6A-6F14-4FF0-B415-A23CB2B69E28}"
EndProject
Global
	GlobalSection(SolutionConfigurationPlatforms) = preSolution
		Debug|Any CPU = Debug|Any CPU
		Release|Any CPU = Release|Any CPU
	EndGlobalSection
	GlobalSection(ProjectConfigurationPlatforms) = postSolution
		{C5C9CD6A-6F14-4FF0-B415-A23CB2B69E28}.Debug|Any CPU.ActiveCfg = Debug|Any CPU
		{C5C9CD6A-6F14-4FF0-B415-A23CB2B69E28}.Debug|Any CPU.Build.0 = Debug|Any CPU
		{C5C9CD6A-6F14-4FF0-B415-A23CB2B69E28}.Release|Any CPU.ActiveCfg = Release|Any CPU
		{C5C9CD6A-6F14-4FF0-B415-A23CB2B69E28}.Release|Any CPU.Build.0 = Release|Any CPU
	EndGlobalSection
	GlobalSection(SolutionProperties) = preSolution
		HideSolutionNode = FALSE
	EndGlobalSection
	GlobalSection(ExtensibilityGlobals) = postSolution
		SolutionGuid = {425039E8-A582-4632-8F39-BD5B238BFCC3}
	EndGlobalSection
EndGlobal
